
Microsoft Visual Studio Solution File, Format Version 12.00
# Visual Studio Version 17
VisualStudioVersion = 17.5.33516.290
MinimumVisualStudioVersion = 10.0.40219.1
Project("{FAE04EC0-301F-11D3-BF4B-00C04F79EFBC}") = "MagicVilla_API", "MagicVilla_API\MagicVilla_API.csproj", "{65F7609B-A2BD-4D46-A43B-CD07ADE392BE}"
EndProject
Global
	GlobalSection(SolutionConfigurationPlatforms) = preSolution
		Debug|Any CPU = Debug|Any CPU
		Release|Any CPU = Release|Any CPU
	EndGlobalSection
	GlobalSection(ProjectConfigurationPlatforms) = postSolution
		{65F7609B-A2BD-4D46-A43B-CD07ADE392BE}.Debug|Any CPU.ActiveCfg = Debug|Any CPU
		{65F7609B-A2BD-4D46-A43B-CD07ADE392BE}.Debug|Any CPU.Build.0 = Debug|Any CPU
		{65F7609B-A2BD-4D46-A43B-CD07ADE392BE}.Release|Any CPU.ActiveCfg = Release|Any CPU
		{65F7609B-A2BD-4D46-A43B-CD07ADE392BE}.Release|Any CPU.Build.0 = Release|Any CPU
	EndGlobalSection
	GlobalSection(SolutionProperties) = preSolution
		HideSolutionNode = FALSE
	EndGlobalSection
	GlobalSection(ExtensibilityGlobals) = postSolution
		SolutionGuid = {A48D14EA-3CE4-4635-9FD5-F08C59921F44}
	EndGlobalSection
EndGlobal
